
Microsoft Visual Studio Solution File, Format Version 12.00
# Visual Studio Version 16
VisualStudioVersion = 16.0.31911.196
MinimumVisualStudioVersion = 10.0.40219.1
Project("{9A19103F-16F7-4668-BE54-9A1E7A4F7556}") = "CQRSApiVariant01", "CQRSApiVariant01\CQRSApiVariant01.csproj", "{D9D57281-BD9F-444A-AAC9-63F81578F1B0}"
EndProject
Global
	GlobalSection(SolutionConfigurationPlatforms) = preSolution
		Debug|Any CPU = Debug|Any CPU
		Release|Any CPU = Release|Any CPU
	EndGlobalSection
	GlobalSection(ProjectConfigurationPlatforms) = postSolution
		{D9D57281-BD9F-444A-AAC9-63F81578F1B0}.Debug|Any CPU.ActiveCfg = Debug|Any CPU
		{D9D57281-BD9F-444A-AAC9-63F81578F1B0}.Debug|Any CPU.Build.0 = Debug|Any CPU
		{D9D57281-BD9F-444A-AAC9-63F81578F1B0}.Release|Any CPU.ActiveCfg = Release|Any CPU
		{D9D57281-BD9F-444A-AAC9-63F81578F1B0}.Release|Any CPU.Build.0 = Release|Any CPU
	EndGlobalSection
	GlobalSection(SolutionProperties) = preSolution
		HideSolutionNode = FALSE
	EndGlobalSection
	GlobalSection(ExtensibilityGlobals) = postSolution
		SolutionGuid = {EF44A554-1050-4804-8F03-128786D4B17F}
	EndGlobalSection
EndGlobal
